{
  "name": "viewer",
  "version": "0.0.1",
  "lockfileVersion": 1,
  "requires": true,
  "dependencies": {
    "@stencil/core": {
      "version": "1.8.4",
      "resolved": "https://registry.npmjs.org/@stencil/core/-/core-1.8.4.tgz",
      "integrity": "sha512-QqMd7PtqsnhZCqflGp1pQNhbMSaqJho9l5ZSZfbl2OP2q1SdVuKUl/vatAT+++Ml7duC6OZCNsvhLvvP6Mr7GQ==",
      "dev": true,
      "requires": {
        "typescript": "3.7.2"
      }
    },
    "@types/binary-parser": {
      "version": "1.5.0",
      "resolved": "https://registry.npmjs.org/@types/binary-parser/-/binary-parser-1.5.0.tgz",
      "integrity": "sha512-eBMqKUPRjXX+E30JQOcda8Je4lw4TyQvDSOXhWx+T019lki2TURNf0kVaR27LG4B2cLu4JXfrnNp+3aEq23leA==",
      "dev": true,
      "requires": {
        "@types/node": "*"
      }
    },
    "@types/node": {
      "version": "13.7.1",
      "resolved": "https://registry.npmjs.org/@types/node/-/node-13.7.1.tgz",
      "integrity": "sha512-Zq8gcQGmn4txQEJeiXo/KiLpon8TzAl0kmKH4zdWctPj05nWwp1ClMdAVEloqrQKfaC48PNLdgN/aVaLqUrluA==",
      "dev": true
    },
    "binary-parser": {
      "version": "1.5.0",
      "resolved": "https://registry.npmjs.org/binary-parser/-/binary-parser-1.5.0.tgz",
      "integrity": "sha512-z+hqNSnO7trFDPLihjUGTwlSTbcIzLYSCwnbiasFkRvCIY9F3ZTex7Mlm9UAP3w5mfHD3KxejnWFPJjtsVVMuw=="
    },
    "estree-walker": {
      "version": "0.6.1",
      "resolved": "https://registry.npmjs.org/estree-walker/-/estree-walker-0.6.1.tgz",
      "integrity": "sha512-SqmZANLWS0mnatqbSfRP5g8OXZC12Fgg1IwNtLsyHDzJizORW4khDfjPqJZsemPWBB2uqykUah5YpQ6epsqC/w=="
    },
    "magic-string": {
      "version": "0.25.6",
      "resolved": "https://registry.npmjs.org/magic-string/-/magic-string-0.25.6.tgz",
      "integrity": "sha512-3a5LOMSGoCTH5rbqobC2HuDNRtE2glHZ8J7pK+QZYppyWA36yuNpsX994rIY2nCuyP7CZYy7lQq/X2jygiZ89g==",
      "requires": {
        "sourcemap-codec": "^1.4.4"
      }
    },
    "rollup-plugin-inject": {
      "version": "3.0.2",
      "resolved": "https://registry.npmjs.org/rollup-plugin-inject/-/rollup-plugin-inject-3.0.2.tgz",
      "integrity": "sha512-ptg9PQwzs3orn4jkgXJ74bfs5vYz1NCZlSQMBUA0wKcGp5i5pA1AO3fOUEte8enhGUC+iapTCzEWw2jEFFUO/w==",
      "requires": {
        "estree-walker": "^0.6.1",
        "magic-string": "^0.25.3",
        "rollup-pluginutils": "^2.8.1"
      }
    },
    "rollup-plugin-node-polyfills": {
      "version": "0.2.1",
      "resolved": "https://registry.npmjs.org/rollup-plugin-node-polyfills/-/rollup-plugin-node-polyfills-0.2.1.tgz",
      "integrity": "sha512-4kCrKPTJ6sK4/gLL/U5QzVT8cxJcofO0OU74tnB19F40cmuAKSzH5/siithxlofFEjwvw1YAhPmbvGNA6jEroA==",
      "requires": {
        "rollup-plugin-inject": "^3.0.0"
      }
    },
    "rollup-pluginutils": {
      "version": "2.8.2",
      "resolved": "https://registry.npmjs.org/rollup-pluginutils/-/rollup-pluginutils-2.8.2.tgz",
      "integrity": "sha512-EEp9NhnUkwY8aif6bxgovPHMoMoNr2FulJziTndpt5H9RdwC47GSGuII9XxpSdzVGM0GWrNPHV6ie1LTNJPaLQ==",
      "requires": {
        "estree-walker": "^0.6.1"
      }
    },
    "sourcemap-codec": {
      "version": "1.4.8",
      "resolved": "https://registry.npmjs.org/sourcemap-codec/-/sourcemap-codec-1.4.8.tgz",
      "integrity": "sha512-9NykojV5Uih4lgo5So5dtw+f0JgJX30KCNI8gwhz2J9A15wD0Ml6tjHKwf6fTSa6fAdVBdZeNOs9eJ71qCk8vA=="
    },
    "typescript": {
      "version": "3.7.2",
      "resolved": "https://registry.npmjs.org/typescript/-/typescript-3.7.2.tgz",
      "integrity": "sha512-ml7V7JfiN2Xwvcer+XAf2csGO1bPBdRbFCkYBczNZggrBZ9c7G3riSUeJmqEU5uOtXNPMhE3n+R4FA/3YOAWOQ==",
      "dev": true
    },
    "vm-browserify": {
      "version": "1.1.2",
      "resolved": "https://registry.npmjs.org/vm-browserify/-/vm-browserify-1.1.2.tgz",
      "integrity": "sha512-2ham8XPWTONajOR0ohOKOHXkm3+gaBmGut3SRuu75xLd/RRaY6vqgh8NBYYk7+RW3u5AtzPQZG8F10LHkl0lAQ=="
    }
  }
}
