{
  "name": "pose-format",
  "version": "1.3.1",
  "lockfileVersion": 2,
  "requires": true,
  "packages": {
    "": {
      "name": "pose-format",
      "version": "1.3.1",
      "license": "MIT",
      "dependencies": {
        "binary-parser": "^2.1.0"
      },
      "devDependencies": {
        "@types/node": "^17.0.42",
        "typescript": "4.7.3"
      }
    },
    "node_modules/@types/node": {
      "version": "17.0.42",
      "resolved": "https://registry.npmjs.org/@types/node/-/node-17.0.42.tgz",
      "integrity": "sha512-Q5BPGyGKcvQgAMbsr7qEGN/kIPN6zZecYYABeTDBizOsau+2NMdSVTar9UQw21A2+JyA2KRNDYaYrPB0Rpk2oQ==",
      "dev": true
    },
    "node_modules/binary-parser": {
      "version": "2.1.0",
      "resolved": "https://registry.npmjs.org/binary-parser/-/binary-parser-2.1.0.tgz",
      "integrity": "sha512-R6WS2W7a7UHAFYLm0vWlk5M2aTayOjiyBZp+bvUZPUteuU5hI9BaREHKAFLgpq/nKheMgSxZOzpe/x3NxddqiQ==",
      "engines": {
        "node": ">=12"
      }
    },
    "node_modules/typescript": {
      "version": "4.7.3",
      "resolved": "https://registry.npmjs.org/typescript/-/typescript-4.7.3.tgz",
      "integrity": "sha512-WOkT3XYvrpXx4vMMqlD+8R8R37fZkjyLGlxavMc4iB8lrl8L0DeTcHbYgw/v0N/z9wAFsgBhcsF0ruoySS22mA==",
      "dev": true,
      "bin": {
        "tsc": "bin/tsc",
        "tsserver": "bin/tsserver"
      },
      "engines": {
        "node": ">=4.2.0"
      }
    }
  },
  "dependencies": {
    "@types/node": {
      "version": "17.0.42",
      "resolved": "https://registry.npmjs.org/@types/node/-/node-17.0.42.tgz",
      "integrity": "sha512-Q5BPGyGKcvQgAMbsr7qEGN/kIPN6zZecYYABeTDBizOsau+2NMdSVTar9UQw21A2+JyA2KRNDYaYrPB0Rpk2oQ==",
      "dev": true
    },
    "binary-parser": {
      "version": "2.1.0",
      "resolved": "https://registry.npmjs.org/binary-parser/-/binary-parser-2.1.0.tgz",
      "integrity": "sha512-R6WS2W7a7UHAFYLm0vWlk5M2aTayOjiyBZp+bvUZPUteuU5hI9BaREHKAFLgpq/nKheMgSxZOzpe/x3NxddqiQ=="
    },
    "typescript": {
      "version": "4.7.3",
      "resolved": "https://registry.npmjs.org/typescript/-/typescript-4.7.3.tgz",
      "integrity": "sha512-WOkT3XYvrpXx4vMMqlD+8R8R37fZkjyLGlxavMc4iB8lrl8L0DeTcHbYgw/v0N/z9wAFsgBhcsF0ruoySS22mA==",
      "dev": true
    }
  }
}
